{
  "version": 4,
  "terraform_version": "1.9.0",
  "serial": 150,
  "lineage": "e80ceab5-1616-ee6e-1318-31c614dfd54d",
  "outputs": {
    "private_key": {
      "value": "-----BEGIN RSA PRIVATE KEY-----\nMIIEowIBAAKCAQEA2XnaHy3kHNLj0a789trBxMreATnwqJZaEaBPtMzrZBeQiaC4\nQPph+TycuT0G8HkJ1iT0SMuQVFMGEv1oOnDN3gk/oEOhCkjQXV7Jt0w9GCoApg2S\n8xS1JDudVDMqG5cutCgxdhvJdJWWMGJ9yw2sSmKA0GUjXMk6eJavpAA4h/4Y/IO4\n4IUziTokI0Xs4prnzCfFKhyJ/UFC8Or3ANCQR8zS8I/jk6fu5YgAa48GrLKJatRI\nYNRmeAZuSlYhGONbUxgjgT6V4hZX5AWaNoa1IDN3u+bCZ7YyRLp2fJjoQMdVsIMW\nsD1sZWhEszT2iTe4g7TkIEP8cjkzucyOQx4pIwIDAQABAoIBAQClaSf9ZRNG1SSQ\nnO8s9xBAlSiseBxSriENnQhi9SXo+H9oHsVmLssMHgz6W6+Gghl4Np1TLPm3GXra\nQMHhCWGcCx7I0AeR4fYRvoHgl+00DuZ1ZoepuctZJrqwi0XwvFm6j4OnWNUuhoQ4\ngwE4y0qLPUbKutJdxXRiugIX1E8rJzKzLsxS6Gw6V0LJ5HKgJ0LZRJ3aEkWstORG\nDWu4oe8gNelohbVH8i4SEnj9ckgC71ocIUEipdzVNsCk89wqsM7D0vv9yn72JkCt\nx6MLQ2eK1v78GelAZqkvZ5XbP3clSYDqAWO8XOyOL+gYlxuuXVNioGnApM8eW/NU\nUFt6nJIRAoGBAPwdIRcFV+gnrpRwbC+wOLAl8/Lv/cugyoUcBmX5GuYkwaHfFe0l\n3tkRZbZbQHAgodVq4JRDME+nhEimqnxB3gyvr2ijZJFvV9L3bjBPXgU0b83mMWu+\n5cc+mTDo2irMaapWSrK15X/IXtqU0cvBZGB8vEr8cGIGD+l9gcn/vOKbAoGBANzU\nCbW6TfT3/QDjllckVTqpQsvcP7S3Z3fPwjmj+H3kV3GPcyS1Y/FBhEno+J0lOc8l\nDO3JBRHKlssX0oaaZ22FcYiULrOSosraF0s89YLC6CyS/vZaV0ImAN6FA6I3SzSW\nHdcYorn0Q7gGYxqlmJJvm3CEIj4U2+GFpaeLYJgZAoGAfh/MeAnSSm/fpJ8BYHIW\nSfkSq4xoOUB9UE4O3WDblhr5S5OhEnyJmapcafgIqo+Ipo3LQCDEwHSbdwT58SO6\nhDo31G85VpCPLRlfZIewD4aGEEmCm9ZqeVzVomQ7EIImsnJs+C6LW3vQCCW/NuHO\n534/bHwRdNh3iWWiUn2/7tUCgYAikWKvuulHJqbJQ9cd7wcUdriJFwI19NvSiog5\n46wbcOorUaxRm794XawqsbhxSQmCnqcmdehAP7lZM3J2NadpIpGCMsgYviSToo4w\n7er0vDQB/kTBJaUxKqfKLYJDG2q/YZxsNmQKvez32rAa1L9MdQIdG+IMW9GLvRMQ\nZiYJyQKBgDPcif584bKTSHfFp9w0Z4zXnIGUgqFtk8IVT8ah0K5VLnCdUgYK0Qkw\noZsWa7X9JTFn3P2gCKOITEDtjQS+n0u9NEFkv1RGfJz9nE7xa/e0Kt7zMqUv/kY6\nebx2eJdbGLHD+ETnhzfBfST/SF6QTumSAejPt1vm9FIpyb2W4YIR\n-----END RSA PRIVATE KEY-----\n",
      "type": "string",
      "sensitive": true
    },
    "public_key": {
      "value": "ssh-rsa AAAAB3NzaC1yc2EAAAADAQABAAABAQDZedofLeQc0uPRrvz22sHEyt4BOfColloRoE+0zOtkF5CJoLhA+mH5PJy5PQbweQnWJPRIy5BUUwYS/Wg6cM3eCT+gQ6EKSNBdXsm3TD0YKgCmDZLzFLUkO51UMyobly60KDF2G8l0lZYwYn3LDaxKYoDQZSNcyTp4lq+kADiH/hj8g7jghTOJOiQjRezimufMJ8UqHIn9QULw6vcA0JBHzNLwj+OTp+7liABrjwassolq1Ehg1GZ4Bm5KViEY41tTGCOBPpXiFlfkBZo2hrUgM3e75sJntjJEunZ8mOhAx1WwgxawPWxlaESzNPaJN7iDtOQgQ/xyOTO5zI5DHikj\n",
      "type": "string"
    }
  },
  "resources": [
    {
      "mode": "data",
      "type": "tls_public_key",
      "name": "MyLinuxBox",
      "provider": "provider[\"registry.terraform.io/hashicorp/tls\"]",
      "instances": [
        {
          "schema_version": 0,
          "attributes": {
            "algorithm": "RSA",
            "id": "7d15406700779ea33f6d4cad518117b9e65537a5",
            "private_key_openssh": null,
            "private_key_pem": "-----BEGIN RSA PRIVATE KEY-----\nMIIEowIBAAKCAQEA2XnaHy3kHNLj0a789trBxMreATnwqJZaEaBPtMzrZBeQiaC4\nQPph+TycuT0G8HkJ1iT0SMuQVFMGEv1oOnDN3gk/oEOhCkjQXV7Jt0w9GCoApg2S\n8xS1JDudVDMqG5cutCgxdhvJdJWWMGJ9yw2sSmKA0GUjXMk6eJavpAA4h/4Y/IO4\n4IUziTokI0Xs4prnzCfFKhyJ/UFC8Or3ANCQR8zS8I/jk6fu5YgAa48GrLKJatRI\nYNRmeAZuSlYhGONbUxgjgT6V4hZX5AWaNoa1IDN3u+bCZ7YyRLp2fJjoQMdVsIMW\nsD1sZWhEszT2iTe4g7TkIEP8cjkzucyOQx4pIwIDAQABAoIBAQClaSf9ZRNG1SSQ\nnO8s9xBAlSiseBxSriENnQhi9SXo+H9oHsVmLssMHgz6W6+Gghl4Np1TLPm3GXra\nQMHhCWGcCx7I0AeR4fYRvoHgl+00DuZ1ZoepuctZJrqwi0XwvFm6j4OnWNUuhoQ4\ngwE4y0qLPUbKutJdxXRiugIX1E8rJzKzLsxS6Gw6V0LJ5HKgJ0LZRJ3aEkWstORG\nDWu4oe8gNelohbVH8i4SEnj9ckgC71ocIUEipdzVNsCk89wqsM7D0vv9yn72JkCt\nx6MLQ2eK1v78GelAZqkvZ5XbP3clSYDqAWO8XOyOL+gYlxuuXVNioGnApM8eW/NU\nUFt6nJIRAoGBAPwdIRcFV+gnrpRwbC+wOLAl8/Lv/cugyoUcBmX5GuYkwaHfFe0l\n3tkRZbZbQHAgodVq4JRDME+nhEimqnxB3gyvr2ijZJFvV9L3bjBPXgU0b83mMWu+\n5cc+mTDo2irMaapWSrK15X/IXtqU0cvBZGB8vEr8cGIGD+l9gcn/vOKbAoGBANzU\nCbW6TfT3/QDjllckVTqpQsvcP7S3Z3fPwjmj+H3kV3GPcyS1Y/FBhEno+J0lOc8l\nDO3JBRHKlssX0oaaZ22FcYiULrOSosraF0s89YLC6CyS/vZaV0ImAN6FA6I3SzSW\nHdcYorn0Q7gGYxqlmJJvm3CEIj4U2+GFpaeLYJgZAoGAfh/MeAnSSm/fpJ8BYHIW\nSfkSq4xoOUB9UE4O3WDblhr5S5OhEnyJmapcafgIqo+Ipo3LQCDEwHSbdwT58SO6\nhDo31G85VpCPLRlfZIewD4aGEEmCm9ZqeVzVomQ7EIImsnJs+C6LW3vQCCW/NuHO\n534/bHwRdNh3iWWiUn2/7tUCgYAikWKvuulHJqbJQ9cd7wcUdriJFwI19NvSiog5\n46wbcOorUaxRm794XawqsbhxSQmCnqcmdehAP7lZM3J2NadpIpGCMsgYviSToo4w\n7er0vDQB/kTBJaUxKqfKLYJDG2q/YZxsNmQKvez32rAa1L9MdQIdG+IMW9GLvRMQ\nZiYJyQKBgDPcif584bKTSHfFp9w0Z4zXnIGUgqFtk8IVT8ah0K5VLnCdUgYK0Qkw\noZsWa7X9JTFn3P2gCKOITEDtjQS+n0u9NEFkv1RGfJz9nE7xa/e0Kt7zMqUv/kY6\nebx2eJdbGLHD+ETnhzfBfST/SF6QTumSAejPt1vm9FIpyb2W4YIR\n-----END RSA PRIVATE KEY-----\n",
            "public_key_fingerprint_md5": "74:6d:3c:cd:81:2c:7b:42:05:f3:87:46:d3:c5:f8:26",
            "public_key_fingerprint_sha256": "SHA256:x+SHdvDw8Sgc3u/TKPWvfssIt2x47RgoGCl8JMTc59g",
            "public_key_openssh": "ssh-rsa AAAAB3NzaC1yc2EAAAADAQABAAABAQDZedofLeQc0uPRrvz22sHEyt4BOfColloRoE+0zOtkF5CJoLhA+mH5PJy5PQbweQnWJPRIy5BUUwYS/Wg6cM3eCT+gQ6EKSNBdXsm3TD0YKgCmDZLzFLUkO51UMyobly60KDF2G8l0lZYwYn3LDaxKYoDQZSNcyTp4lq+kADiH/hj8g7jghTOJOiQjRezimufMJ8UqHIn9QULw6vcA0JBHzNLwj+OTp+7liABrjwassolq1Ehg1GZ4Bm5KViEY41tTGCOBPpXiFlfkBZo2hrUgM3e75sJntjJEunZ8mOhAx1WwgxawPWxlaESzNPaJN7iDtOQgQ/xyOTO5zI5DHikj\n",
            "public_key_pem": "-----BEGIN PUBLIC KEY-----\nMIIBIjANBgkqhkiG9w0BAQEFAAOCAQ8AMIIBCgKCAQEA2XnaHy3kHNLj0a789trB\nxMreATnwqJZaEaBPtMzrZBeQiaC4QPph+TycuT0G8HkJ1iT0SMuQVFMGEv1oOnDN\n3gk/oEOhCkjQXV7Jt0w9GCoApg2S8xS1JDudVDMqG5cutCgxdhvJdJWWMGJ9yw2s\nSmKA0GUjXMk6eJavpAA4h/4Y/IO44IUziTokI0Xs4prnzCfFKhyJ/UFC8Or3ANCQ\nR8zS8I/jk6fu5YgAa48GrLKJatRIYNRmeAZuSlYhGONbUxgjgT6V4hZX5AWaNoa1\nIDN3u+bCZ7YyRLp2fJjoQMdVsIMWsD1sZWhEszT2iTe4g7TkIEP8cjkzucyOQx4p\nIwIDAQAB\n-----END PUBLIC KEY-----\n"
          },
          "sensitive_attributes": [
            [
              {
                "type": "get_attr",
                "value": "private_key_openssh"
              }
            ],
            [
              {
                "type": "get_attr",
                "value": "private_key_pem"
              }
            ]
          ]
        }
      ]
    },
    {
      "mode": "managed",
      "type": "aws_autoscaling_attachment",
      "name": "coreCube_asg_attachment",
      "provider": "provider[\"registry.terraform.io/hashicorp/aws\"]",
      "instances": [
        {
          "schema_version": 0,
          "attributes": {
            "alb_target_group_arn": "arn:aws:elasticloadbalancing:ap-northeast-3:814535836463:targetgroup/coreCube-target-group/8f5a5a5ddc67d729",
            "autoscaling_group_name": "coreCube-auto-scaling-group-20240915194438410400000003",
            "elb": null,
            "id": "coreCube-auto-scaling-group-20240915194438410400000003-20240915194622552700000004"
          },
          "sensitive_attributes": [],
          "private": "bnVsbA==",
          "dependencies": [
            "aws_autoscaling_group.coreCube_asg",
            "aws_launch_template.coreCube_LT",
            "aws_lb_target_group.coreCube_tg",
            "aws_security_group.coreCube-sg01-servers",
            "aws_subnet.private-ap-northeast-3a",
            "aws_subnet.private-ap-northeast-3b",
            "aws_subnet.private-ap-northeast-3c",
            "aws_vpc.coreCube"
          ]
        }
      ]
    },
    {
      "mode": "managed",
      "type": "aws_autoscaling_group",
      "name": "coreCube_asg",
      "provider": "provider[\"registry.terraform.io/hashicorp/aws\"]",
      "instances": [
        {
          "schema_version": 0,
          "attributes": {
            "arn": "arn:aws:autoscaling:ap-northeast-3:814535836463:autoScalingGroup:5ee04630-0c5b-4688-9982-be86c4c1cf5a:autoScalingGroupName/coreCube-auto-scaling-group-20240915194438410400000003",
            "availability_zones": [
              "ap-northeast-3a",
              "ap-northeast-3b",
              "ap-northeast-3c"
            ],
            "capacity_rebalance": false,
            "default_cooldown": 300,
            "desired_capacity": 6,
            "enabled_metrics": [
              "GroupDesiredCapacity",
              "GroupInServiceInstances",
              "GroupMaxSize",
              "GroupMinSize",
              "GroupTotalInstances"
            ],
            "force_delete": true,
            "force_delete_warm_pool": false,
            "health_check_grace_period": 300,
            "health_check_type": "ELB",
            "id": "coreCube-auto-scaling-group-20240915194438410400000003",
            "initial_lifecycle_hook": [
              {
                "default_result": "CONTINUE",
                "heartbeat_timeout": 300,
                "lifecycle_transition": "autoscaling:EC2_INSTANCE_TERMINATING",
                "name": "scale-in-protection",
                "notification_metadata": "",
                "notification_target_arn": "",
                "role_arn": ""
              },
              {
                "default_result": "CONTINUE",
                "heartbeat_timeout": 60,
                "lifecycle_transition": "autoscaling:EC2_INSTANCE_LAUNCHING",
                "name": "instance-protection-launch",
                "notification_metadata": "{\"key\":\"value\"}",
                "notification_target_arn": "",
                "role_arn": ""
              }
            ],
            "instance_refresh": [],
            "launch_configuration": "",
            "launch_template": [
              {
                "id": "lt-042da9354e01e3518",
                "name": "coreCube_LT20240915194435790400000001",
                "version": "$Latest"
              }
            ],
            "load_balancers": null,
            "max_instance_lifetime": 0,
            "max_size": 15,
            "metrics_granularity": "1Minute",
            "min_elb_capacity": null,
            "min_size": 3,
            "mixed_instances_policy": [],
            "name": "coreCube-auto-scaling-group-20240915194438410400000003",
            "name_prefix": "coreCube-auto-scaling-group-",
            "placement_group": "",
            "protect_from_scale_in": false,
            "service_linked_role_arn": "arn:aws:iam::814535836463:role/aws-service-role/autoscaling.amazonaws.com/AWSServiceRoleForAutoScaling",
            "suspended_processes": null,
            "tag": [
              {
                "key": "Environment",
                "propagate_at_launch": true,
                "value": "Production"
              },
              {
                "key": "Name",
                "propagate_at_launch": true,
                "value": "coreCube-instance"
              }
            ],
            "tags": null,
            "target_group_arns": [
              "arn:aws:elasticloadbalancing:ap-northeast-3:814535836463:targetgroup/coreCube-target-group/8f5a5a5ddc67d729"
            ],
            "termination_policies": null,
            "timeouts": null,
            "vpc_zone_identifier": [
              "subnet-049e518425f8e39e4",
              "subnet-069dea34d5350d521",
              "subnet-089b371f38ccbd1c3"
            ],
            "wait_for_capacity_timeout": "10m",
            "wait_for_elb_capacity": null,
            "warm_pool": []
          },
          "sensitive_attributes": [],
          "private": "eyJlMmJmYjczMC1lY2FhLTExZTYtOGY4OC0zNDM2M2JjN2M0YzAiOnsiZGVsZXRlIjo2MDAwMDAwMDAwMDB9fQ==",
          "dependencies": [
            "aws_launch_template.coreCube_LT",
            "aws_lb_target_group.coreCube_tg",
            "aws_security_group.coreCube-sg01-servers",
            "aws_subnet.private-ap-northeast-3a",
            "aws_subnet.private-ap-northeast-3b",
            "aws_subnet.private-ap-northeast-3c",
            "aws_vpc.coreCube"
          ]
        }
      ]
    },
    {
      "mode": "managed",
      "type": "aws_autoscaling_policy",
      "name": "coreCube_scaling_policy",
      "provider": "provider[\"registry.terraform.io/hashicorp/aws\"]",
      "instances": [
        {
          "schema_version": 0,
          "attributes": {
            "adjustment_type": "",
            "arn": "arn:aws:autoscaling:ap-northeast-3:814535836463:scalingPolicy:30ef662d-5f47-4c9d-af85-3c849ef6c004:autoScalingGroupName/coreCube-auto-scaling-group-20240915194438410400000003:policyName/coreCube-cpu-target",
            "autoscaling_group_name": "coreCube-auto-scaling-group-20240915194438410400000003",
            "cooldown": 0,
            "estimated_instance_warmup": 120,
            "id": "coreCube-cpu-target",
            "metric_aggregation_type": "",
            "min_adjustment_magnitude": null,
            "name": "coreCube-cpu-target",
            "policy_type": "TargetTrackingScaling",
            "predictive_scaling_configuration": [],
            "scaling_adjustment": 0,
            "step_adjustment": [],
            "target_tracking_configuration": [
              {
                "customized_metric_specification": [],
                "disable_scale_in": false,
                "predefined_metric_specification": [
                  {
                    "predefined_metric_type": "ASGAverageCPUUtilization",
                    "resource_label": ""
                  }
                ],
                "target_value": 75
              }
            ]
          },
          "sensitive_attributes": [],
          "private": "bnVsbA==",
          "dependencies": [
            "aws_autoscaling_group.coreCube_asg",
            "aws_launch_template.coreCube_LT",
            "aws_lb_target_group.coreCube_tg",
            "aws_security_group.coreCube-sg01-servers",
            "aws_subnet.private-ap-northeast-3a",
            "aws_subnet.private-ap-northeast-3b",
            "aws_subnet.private-ap-northeast-3c",
            "aws_vpc.coreCube"
          ]
        }
      ]
    },
    {
      "mode": "managed",
      "type": "aws_eip",
      "name": "nat",
      "provider": "provider[\"registry.terraform.io/hashicorp/aws\"]",
      "instances": [
        {
          "schema_version": 0,
          "attributes": {
            "address": null,
            "allocation_id": "eipalloc-0836d779e787ecaee",
            "associate_with_private_ip": null,
            "association_id": "",
            "carrier_ip": "",
            "customer_owned_ip": "",
            "customer_owned_ipv4_pool": "",
            "domain": "vpc",
            "id": "eipalloc-0836d779e787ecaee",
            "instance": "",
            "network_border_group": "ap-northeast-3",
            "network_interface": "",
            "private_dns": null,
            "private_ip": "",
            "public_dns": "ec2-15-168-203-193.ap-northeast-3.compute.amazonaws.com",
            "public_ip": "15.168.203.193",
            "public_ipv4_pool": "amazon",
            "tags": {
              "Name": "nat"
            },
            "tags_all": {
              "Name": "nat"
            },
            "timeouts": null,
            "vpc": true
          },
          "sensitive_attributes": [],
          "private": "eyJlMmJmYjczMC1lY2FhLTExZTYtOGY4OC0zNDM2M2JjN2M0YzAiOnsiZGVsZXRlIjoxODAwMDAwMDAwMDAsInJlYWQiOjkwMDAwMDAwMDAwMCwidXBkYXRlIjozMDAwMDAwMDAwMDB9fQ=="
        }
      ]
    },
    {
      "mode": "managed",
      "type": "aws_internet_gateway",
      "name": "igw",
      "provider": "provider[\"registry.terraform.io/hashicorp/aws\"]",
      "instances": [
        {
          "schema_version": 0,
          "attributes": {
            "arn": "arn:aws:ec2:ap-northeast-3:814535836463:internet-gateway/igw-08de7c0863af53bbe",
            "id": "igw-08de7c0863af53bbe",
            "owner_id": "814535836463",
            "tags": {
              "Location": "Osaka",
              "Name": "coreCube",
              "Owner": "Mcguffinn",
              "Service": "application1"
            },
            "tags_all": {
              "Location": "Osaka",
              "Name": "coreCube",
              "Owner": "Mcguffinn",
              "Service": "application1"
            },
            "vpc_id": "vpc-0be8640f806fbe6fb"
          },
          "sensitive_attributes": [],
          "private": "bnVsbA==",
          "dependencies": [
            "aws_vpc.coreCube"
          ]
        }
      ]
    },
    {
      "mode": "managed",
      "type": "aws_launch_template",
      "name": "coreCube_LT",
      "provider": "provider[\"registry.terraform.io/hashicorp/aws\"]",
      "instances": [
        {
          "schema_version": 0,
          "attributes": {
            "arn": "arn:aws:ec2:ap-northeast-3:814535836463:launch-template/lt-042da9354e01e3518",
            "block_device_mappings": [],
            "capacity_reservation_specification": [],
            "cpu_options": [],
            "credit_specification": [],
            "default_version": 1,
            "description": "",
            "disable_api_termination": false,
            "ebs_optimized": "",
            "elastic_gpu_specifications": [],
            "elastic_inference_accelerator": [],
            "enclave_options": [],
            "hibernation_options": [],
            "iam_instance_profile": [],
            "id": "lt-042da9354e01e3518",
            "image_id": "ami-035322b237ca6d47a",
            "instance_initiated_shutdown_behavior": "",
            "instance_market_options": [],
            "instance_type": "t2.micro",
            "kernel_id": "",
            "key_name": "coreCubeBox",
            "latest_version": 1,
            "license_specification": [],
            "metadata_options": [],
            "monitoring": [],
            "name": "coreCube_LT20240915194435790400000001",
            "name_prefix": "coreCube_LT",
            "network_interfaces": [],
            "placement": [],
            "ram_disk_id": "",
            "security_group_names": null,
            "tag_specifications": [
              {
                "resource_type": "instance",
                "tags": {
                  "Location": "Osaka",
                  "Name": "coreCube",
                  "Owner": "Mcguffinn",
                  "Service": "application1"
                }
              }
            ],
            "tags": null,
            "tags_all": {},
            "update_default_version": null,
            "user_data": "IyEvYmluL2Jhc2gNCnl1bSB1cGRhdGUgLXkNCnl1bSBpbnN0YWxsIC15IGh0dHBkDQpzeXN0ZW1jdGwgc3RhcnQgaHR0cGQNCnN5c3RlbWN0bCBlbmFibGUgaHR0cGQNCg0KIyBHZXQgdGhlIElNRFN2MiB0b2tlbg0KVE9LRU49JChjdXJsIC1YIFBVVCAiaHR0cDovLzE2OS4yNTQuMTY5LjI1NC9sYXRlc3QvYXBpL3Rva2VuIiAtSCAiWC1hd3MtZWMyLW1ldGFkYXRhLXRva2VuLXR0bC1zZWNvbmRzOiAyMTYwMCIpDQoNCiMgQmFja2dyb3VuZCB0aGUgY3VybCByZXF1ZXN0cw0KY3VybCAtSCAiWC1hd3MtZWMyLW1ldGFkYXRhLXRva2VuOiAkVE9LRU4iIC1zIGh0dHA6Ly8xNjkuMjU0LjE2OS4yNTQvbGF0ZXN0L21ldGEtZGF0YS9sb2NhbC1pcHY0ICY+IC90bXAvbG9jYWxfaXB2NCAmDQpjdXJsIC1IICJYLWF3cy1lYzItbWV0YWRhdGEtdG9rZW46ICRUT0tFTiIgLXMgaHR0cDovLzE2OS4yNTQuMTY5LjI1NC9sYXRlc3QvbWV0YS1kYXRhL3BsYWNlbWVudC9hdmFpbGFiaWxpdHktem9uZSAmPiAvdG1wL2F6ICYNCmN1cmwgLUggIlgtYXdzLWVjMi1tZXRhZGF0YS10b2tlbjogJFRPS0VOIiAtcyBodHRwOi8vMTY5LjI1NC4xNjkuMjU0L2xhdGVzdC9tZXRhLWRhdGEvbmV0d29yay9pbnRlcmZhY2VzL21hY3MvICY+IC90bXAvbWFjaWQgJg0Kd2FpdA0KDQptYWNpZD0kKGNhdCAvdG1wL21hY2lkKQ0KbG9jYWxfaXB2ND0kKGNhdCAvdG1wL2xvY2FsX2lwdjQpDQphej0kKGNhdCAvdG1wL2F6KQ0KdnBjPSQoY3VybCAtSCAiWC1hd3MtZWMyLW1ldGFkYXRhLXRva2VuOiAkVE9LRU4iIC1zIGh0dHA6Ly8xNjkuMjU0LjE2OS4yNTQvbGF0ZXN0L21ldGEtZGF0YS9uZXR3b3JrL2ludGVyZmFjZXMvbWFjcy8kbWFjaWQvdnBjLWlkKQ0KDQojIENyZWF0ZSBIVE1MIGZpbGUNCmNhdCA8PC1IVE1MID4gL3Zhci93d3cvaHRtbC9pbmRleC5odG1sDQo8IWRvY3R5cGUgaHRtbD4NCjxodG1sIGxhbmc9ImVuIiBjbGFzcz0iaC0xMDAiPg0KPGhlYWQ+DQo8dGl0bGU+RWR3aW5zIERvam88L3RpdGxlPg0KPC9oZWFkPg0KPGJvZHk+DQo8ZGl2Pg0KPGltZyBzcmM9Imh0dHBzOi8vbmV3YnVja2V0c21heTMwLnMzLmFtYXpvbmF3cy5jb20vTGVvbmFyZG9fVmlzaW9uX1hMX0FfYmxhY2tfbWFsZV9tYW5faW5fc2FtdXJhaV9hcm1vcl91bmRlcl9hX3NfMC5qcGciIGFsdD0iZG9wZSBkdWRlIj4NCjxoMT5Tb2xvIERvbG88L2gxPg0KPGgxPkNoYWlucyBEZW1vbGlzaGVkIGluIE9zYWthPC9oMT4NCjxwPjxiPkluc3RhbmNlIE5hbWU6PC9iPiAkKGhvc3RuYW1lIC1mKSA8L3A+DQo8cD48Yj5JbnN0YW5jZSBQcml2YXRlIElwIEFkZHJlc3M6IDwvYj4gJGxvY2FsX2lwdjQ8L3A+DQo8cD48Yj5BdmFpbGFiaWxpdHkgWm9uZTogPC9iPiAkYXo8L3A+DQo8cD48Yj5WaXJ0dWFsIFByaXZhdGUgQ2xvdWQgKFZQQyk6PC9iPiAkdnBjPC9wPg0KPC9kaXY+DQo8L2JvZHk+DQo8L2h0bWw+DQpIVE1MDQoNCiMgQ2xlYW4gdXAgdGhlIHRlbXAgZmlsZXMNCnJtIC1mIC90bXAvbG9jYWxfaXB2NCAvdG1wL2F6IC90bXAvbWFjaWQNCg==",
            "vpc_security_group_ids": [
              "sg-09ec18e6d5bb4e40f"
            ]
          },
          "sensitive_attributes": [],
          "private": "bnVsbA==",
          "dependencies": [
            "aws_security_group.coreCube-sg01-servers",
            "aws_vpc.coreCube"
          ],
          "create_before_destroy": true
        }
      ]
    },
    {
      "mode": "managed",
      "type": "aws_lb",
      "name": "coreCube_alb",
      "provider": "provider[\"registry.terraform.io/hashicorp/aws\"]",
      "instances": [
        {
          "schema_version": 0,
          "attributes": {
            "access_logs": [
              {
                "bucket": "",
                "enabled": false,
                "prefix": ""
              }
            ],
            "arn": "arn:aws:elasticloadbalancing:ap-northeast-3:814535836463:loadbalancer/app/coreCube-load-balancer/3cf1b165e19a8a8d",
            "arn_suffix": "app/coreCube-load-balancer/3cf1b165e19a8a8d",
            "customer_owned_ipv4_pool": "",
            "desync_mitigation_mode": "defensive",
            "dns_name": "coreCube-load-balancer-1318726798.ap-northeast-3.elb.amazonaws.com",
            "drop_invalid_header_fields": false,
            "enable_cross_zone_load_balancing": true,
            "enable_deletion_protection": false,
            "enable_http2": true,
            "enable_waf_fail_open": false,
            "id": "arn:aws:elasticloadbalancing:ap-northeast-3:814535836463:loadbalancer/app/coreCube-load-balancer/3cf1b165e19a8a8d",
            "idle_timeout": 60,
            "internal": false,
            "ip_address_type": "ipv4",
            "load_balancer_type": "application",
            "name": "coreCube-load-balancer",
            "name_prefix": null,
            "security_groups": [
              "sg-00d54a5eb1e31cb5e"
            ],
            "subnet_mapping": [
              {
                "allocation_id": "",
                "ipv6_address": "",
                "outpost_id": "",
                "private_ipv4_address": "",
                "subnet_id": "subnet-038b07b3b6cad1c45"
              },
              {
                "allocation_id": "",
                "ipv6_address": "",
                "outpost_id": "",
                "private_ipv4_address": "",
                "subnet_id": "subnet-0bc5647ac9ad47869"
              },
              {
                "allocation_id": "",
                "ipv6_address": "",
                "outpost_id": "",
                "private_ipv4_address": "",
                "subnet_id": "subnet-0bcdf83aa42ea78b8"
              }
            ],
            "subnets": [
              "subnet-038b07b3b6cad1c45",
              "subnet-0bc5647ac9ad47869",
              "subnet-0bcdf83aa42ea78b8"
            ],
            "tags": {
              "Name": "coreCubeLoadBalancer",
              "Owner": "User",
              "Project": "Web Service",
              "Service": "coreCube"
            },
            "tags_all": {
              "Name": "coreCubeLoadBalancer",
              "Owner": "User",
              "Project": "Web Service",
              "Service": "coreCube"
            },
            "timeouts": null,
            "vpc_id": "vpc-0be8640f806fbe6fb",
            "zone_id": "Z5LXEXXYW11ES"
          },
          "sensitive_attributes": [],
          "private": "eyJlMmJmYjczMC1lY2FhLTExZTYtOGY4OC0zNDM2M2JjN2M0YzAiOnsiY3JlYXRlIjo2MDAwMDAwMDAwMDAsImRlbGV0ZSI6NjAwMDAwMDAwMDAwLCJ1cGRhdGUiOjYwMDAwMDAwMDAwMH19",
          "dependencies": [
            "aws_security_group.coreCube-sg02-LB01",
            "aws_subnet.public-ap-northeast-3a",
            "aws_subnet.public-ap-northeast-3b",
            "aws_subnet.public-ap-northeast-3c",
            "aws_vpc.coreCube"
          ]
        }
      ]
    },
    {
      "mode": "managed",
      "type": "aws_lb_listener",
      "name": "http",
      "provider": "provider[\"registry.terraform.io/hashicorp/aws\"]",
      "instances": [
        {
          "schema_version": 0,
          "attributes": {
            "alpn_policy": null,
            "arn": "arn:aws:elasticloadbalancing:ap-northeast-3:814535836463:listener/app/coreCube-load-balancer/3cf1b165e19a8a8d/76189271ead1d8ca",
            "certificate_arn": null,
            "default_action": [
              {
                "authenticate_cognito": [],
                "authenticate_oidc": [],
                "fixed_response": [],
                "forward": [],
                "order": 1,
                "redirect": [],
                "target_group_arn": "arn:aws:elasticloadbalancing:ap-northeast-3:814535836463:targetgroup/coreCube-target-group/8f5a5a5ddc67d729",
                "type": "forward"
              }
            ],
            "id": "arn:aws:elasticloadbalancing:ap-northeast-3:814535836463:listener/app/coreCube-load-balancer/3cf1b165e19a8a8d/76189271ead1d8ca",
            "load_balancer_arn": "arn:aws:elasticloadbalancing:ap-northeast-3:814535836463:loadbalancer/app/coreCube-load-balancer/3cf1b165e19a8a8d",
            "port": 80,
            "protocol": "HTTP",
            "ssl_policy": "",
            "tags": null,
            "tags_all": {},
            "timeouts": null
          },
          "sensitive_attributes": [],
          "private": "eyJlMmJmYjczMC1lY2FhLTExZTYtOGY4OC0zNDM2M2JjN2M0YzAiOnsicmVhZCI6NjAwMDAwMDAwMDAwfX0=",
          "dependencies": [
            "aws_lb.coreCube_alb",
            "aws_lb_target_group.coreCube_tg",
            "aws_security_group.coreCube-sg02-LB01",
            "aws_subnet.public-ap-northeast-3a",
            "aws_subnet.public-ap-northeast-3b",
            "aws_subnet.public-ap-northeast-3c",
            "aws_vpc.coreCube"
          ]
        }
      ]
    },
    {
      "mode": "managed",
      "type": "aws_lb_target_group",
      "name": "coreCube_tg",
      "provider": "provider[\"registry.terraform.io/hashicorp/aws\"]",
      "instances": [
        {
          "schema_version": 0,
          "attributes": {
            "arn": "arn:aws:elasticloadbalancing:ap-northeast-3:814535836463:targetgroup/coreCube-target-group/8f5a5a5ddc67d729",
            "arn_suffix": "targetgroup/coreCube-target-group/8f5a5a5ddc67d729",
            "connection_termination": false,
            "deregistration_delay": "300",
            "health_check": [
              {
                "enabled": true,
                "healthy_threshold": 5,
                "interval": 30,
                "matcher": "200",
                "path": "/",
                "port": "traffic-port",
                "protocol": "HTTP",
                "timeout": 5,
                "unhealthy_threshold": 2
              }
            ],
            "id": "arn:aws:elasticloadbalancing:ap-northeast-3:814535836463:targetgroup/coreCube-target-group/8f5a5a5ddc67d729",
            "lambda_multi_value_headers_enabled": false,
            "load_balancing_algorithm_type": "round_robin",
            "name": "coreCube-target-group",
            "name_prefix": null,
            "port": 80,
            "preserve_client_ip": null,
            "protocol": "HTTP",
            "protocol_version": "HTTP1",
            "proxy_protocol_v2": false,
            "slow_start": 0,
            "stickiness": [
              {
                "cookie_duration": 86400,
                "cookie_name": "",
                "enabled": false,
                "type": "lb_cookie"
              }
            ],
            "tags": {
              "Location": "Osaka",
              "Name": "coreCubeTargetGroup",
              "Owner": "Mcguffinn",
              "Service": "application1"
            },
            "tags_all": {
              "Location": "Osaka",
              "Name": "coreCubeTargetGroup",
              "Owner": "Mcguffinn",
              "Service": "application1"
            },
            "target_type": "instance",
            "vpc_id": "vpc-0be8640f806fbe6fb"
          },
          "sensitive_attributes": [],
          "private": "bnVsbA==",
          "dependencies": [
            "aws_vpc.coreCube"
          ]
        }
      ]
    },
    {
      "mode": "managed",
      "type": "aws_nat_gateway",
      "name": "nat",
      "provider": "provider[\"registry.terraform.io/hashicorp/aws\"]",
      "instances": [
        {
          "schema_version": 0,
          "attributes": {
            "allocation_id": "eipalloc-0836d779e787ecaee",
            "connectivity_type": "public",
            "id": "nat-0b77a8601127d7bcb",
            "network_interface_id": "eni-060ad88957355796a",
            "private_ip": "10.32.1.252",
            "public_ip": "15.168.203.193",
            "subnet_id": "subnet-038b07b3b6cad1c45",
            "tags": {
              "Location": "Osaka",
              "Name": "coreCube",
              "Owner": "Mcguffinn",
              "Service": "application1"
            },
            "tags_all": {
              "Location": "Osaka",
              "Name": "coreCube",
              "Owner": "Mcguffinn",
              "Service": "application1"
            }
          },
          "sensitive_attributes": [],
          "private": "bnVsbA==",
          "dependencies": [
            "aws_eip.nat",
            "aws_internet_gateway.igw",
            "aws_subnet.public-ap-northeast-3a",
            "aws_vpc.coreCube"
          ]
        }
      ]
    },
    {
      "mode": "managed",
      "type": "aws_route_table",
      "name": "private",
      "provider": "provider[\"registry.terraform.io/hashicorp/aws\"]",
      "instances": [
        {
          "schema_version": 0,
          "attributes": {
            "arn": "arn:aws:ec2:ap-northeast-3:814535836463:route-table/rtb-0bb145676b93046f6",
            "id": "rtb-0bb145676b93046f6",
            "owner_id": "814535836463",
            "propagating_vgws": [],
            "route": [
              {
                "carrier_gateway_id": "",
                "cidr_block": "0.0.0.0/0",
                "destination_prefix_list_id": "",
                "egress_only_gateway_id": "",
                "gateway_id": "",
                "instance_id": "",
                "ipv6_cidr_block": "",
                "local_gateway_id": "",
                "nat_gateway_id": "nat-0b77a8601127d7bcb",
                "network_interface_id": "",
                "transit_gateway_id": "",
                "vpc_endpoint_id": "",
                "vpc_peering_connection_id": ""
              }
            ],
            "tags": {
              "Name": "private"
            },
            "tags_all": {
              "Name": "private"
            },
            "timeouts": null,
            "vpc_id": "vpc-0be8640f806fbe6fb"
          },
          "sensitive_attributes": [],
          "private": "eyJlMmJmYjczMC1lY2FhLTExZTYtOGY4OC0zNDM2M2JjN2M0YzAiOnsiY3JlYXRlIjozMDAwMDAwMDAwMDAsImRlbGV0ZSI6MzAwMDAwMDAwMDAwLCJ1cGRhdGUiOjEyMDAwMDAwMDAwMH19",
          "dependencies": [
            "aws_eip.nat",
            "aws_internet_gateway.igw",
            "aws_nat_gateway.nat",
            "aws_subnet.public-ap-northeast-3a",
            "aws_vpc.coreCube"
          ]
        }
      ]
    },
    {
      "mode": "managed",
      "type": "aws_route_table",
      "name": "public",
      "provider": "provider[\"registry.terraform.io/hashicorp/aws\"]",
      "instances": [
        {
          "schema_version": 0,
          "attributes": {
            "arn": "arn:aws:ec2:ap-northeast-3:814535836463:route-table/rtb-0b9324ab91b6d022c",
            "id": "rtb-0b9324ab91b6d022c",
            "owner_id": "814535836463",
            "propagating_vgws": [],
            "route": [
              {
                "carrier_gateway_id": "",
                "cidr_block": "0.0.0.0/0",
                "destination_prefix_list_id": "",
                "egress_only_gateway_id": "",
                "gateway_id": "igw-08de7c0863af53bbe",
                "instance_id": "",
                "ipv6_cidr_block": "",
                "local_gateway_id": "",
                "nat_gateway_id": "",
                "network_interface_id": "",
                "transit_gateway_id": "",
                "vpc_endpoint_id": "",
                "vpc_peering_connection_id": ""
              }
            ],
            "tags": {
              "Name": "public"
            },
            "tags_all": {
              "Name": "public"
            },
            "timeouts": null,
            "vpc_id": "vpc-0be8640f806fbe6fb"
          },
          "sensitive_attributes": [],
          "private": "eyJlMmJmYjczMC1lY2FhLTExZTYtOGY4OC0zNDM2M2JjN2M0YzAiOnsiY3JlYXRlIjozMDAwMDAwMDAwMDAsImRlbGV0ZSI6MzAwMDAwMDAwMDAwLCJ1cGRhdGUiOjEyMDAwMDAwMDAwMH19",
          "dependencies": [
            "aws_internet_gateway.igw",
            "aws_vpc.coreCube"
          ]
        }
      ]
    },
    {
      "mode": "managed",
      "type": "aws_route_table_association",
      "name": "private-ap-northeast-3a",
      "provider": "provider[\"registry.terraform.io/hashicorp/aws\"]",
      "instances": [
        {
          "schema_version": 0,
          "attributes": {
            "gateway_id": "",
            "id": "rtbassoc-05f2ff031a4d0e98b",
            "route_table_id": "rtb-0bb145676b93046f6",
            "subnet_id": "subnet-049e518425f8e39e4"
          },
          "sensitive_attributes": [],
          "private": "bnVsbA==",
          "dependencies": [
            "aws_eip.nat",
            "aws_internet_gateway.igw",
            "aws_nat_gateway.nat",
            "aws_route_table.private",
            "aws_subnet.private-ap-northeast-3a",
            "aws_subnet.public-ap-northeast-3a",
            "aws_vpc.coreCube"
          ]
        }
      ]
    },
    {
      "mode": "managed",
      "type": "aws_route_table_association",
      "name": "private-ap-northeast-3b",
      "provider": "provider[\"registry.terraform.io/hashicorp/aws\"]",
      "instances": [
        {
          "schema_version": 0,
          "attributes": {
            "gateway_id": "",
            "id": "rtbassoc-0aa205f89dd7b210c",
            "route_table_id": "rtb-0bb145676b93046f6",
            "subnet_id": "subnet-089b371f38ccbd1c3"
          },
          "sensitive_attributes": [],
          "private": "bnVsbA==",
          "dependencies": [
            "aws_eip.nat",
            "aws_internet_gateway.igw",
            "aws_nat_gateway.nat",
            "aws_route_table.private",
            "aws_subnet.private-ap-northeast-3b",
            "aws_subnet.public-ap-northeast-3a",
            "aws_vpc.coreCube"
          ]
        }
      ]
    },
    {
      "mode": "managed",
      "type": "aws_route_table_association",
      "name": "public-ap-northeast-3a",
      "provider": "provider[\"registry.terraform.io/hashicorp/aws\"]",
      "instances": [
        {
          "schema_version": 0,
          "attributes": {
            "gateway_id": "",
            "id": "rtbassoc-0d021665259dc0372",
            "route_table_id": "rtb-0b9324ab91b6d022c",
            "subnet_id": "subnet-038b07b3b6cad1c45"
          },
          "sensitive_attributes": [],
          "private": "bnVsbA==",
          "dependencies": [
            "aws_internet_gateway.igw",
            "aws_route_table.public",
            "aws_subnet.public-ap-northeast-3a",
            "aws_vpc.coreCube"
          ]
        }
      ]
    },
    {
      "mode": "managed",
      "type": "aws_route_table_association",
      "name": "public-ap-northeast-3b",
      "provider": "provider[\"registry.terraform.io/hashicorp/aws\"]",
      "instances": [
        {
          "schema_version": 0,
          "attributes": {
            "gateway_id": "",
            "id": "rtbassoc-01926e5b10fb9aa7a",
            "route_table_id": "rtb-0b9324ab91b6d022c",
            "subnet_id": "subnet-0bcdf83aa42ea78b8"
          },
          "sensitive_attributes": [],
          "private": "bnVsbA==",
          "dependencies": [
            "aws_internet_gateway.igw",
            "aws_route_table.public",
            "aws_subnet.public-ap-northeast-3b",
            "aws_vpc.coreCube"
          ]
        }
      ]
    },
    {
      "mode": "managed",
      "type": "aws_security_group",
      "name": "coreCube-sg01-servers",
      "provider": "provider[\"registry.terraform.io/hashicorp/aws\"]",
      "instances": [
        {
          "schema_version": 1,
          "attributes": {
            "arn": "arn:aws:ec2:ap-northeast-3:814535836463:security-group/sg-09ec18e6d5bb4e40f",
            "description": "coreCube-sg01-servers",
            "egress": [
              {
                "cidr_blocks": [
                  "0.0.0.0/0"
                ],
                "description": "",
                "from_port": 0,
                "ipv6_cidr_blocks": [],
                "prefix_list_ids": [],
                "protocol": "-1",
                "security_groups": [],
                "self": false,
                "to_port": 0
              }
            ],
            "id": "sg-09ec18e6d5bb4e40f",
            "ingress": [
              {
                "cidr_blocks": [
                  "0.0.0.0/0"
                ],
                "description": "MyEvilBox",
                "from_port": 3389,
                "ipv6_cidr_blocks": [],
                "prefix_list_ids": [],
                "protocol": "tcp",
                "security_groups": [],
                "self": false,
                "to_port": 3389
              },
              {
                "cidr_blocks": [
                  "0.0.0.0/0"
                ],
                "description": "MyHomePage",
                "from_port": 80,
                "ipv6_cidr_blocks": [],
                "prefix_list_ids": [],
                "protocol": "tcp",
                "security_groups": [],
                "self": false,
                "to_port": 80
              },
              {
                "cidr_blocks": [
                  "0.0.0.0/0"
                ],
                "description": "SSH",
                "from_port": 22,
                "ipv6_cidr_blocks": [],
                "prefix_list_ids": [],
                "protocol": "tcp",
                "security_groups": [],
                "self": false,
                "to_port": 22
              }
            ],
            "name": "coreCube-sg01-servers",
            "name_prefix": "",
            "owner_id": "814535836463",
            "revoke_rules_on_delete": false,
            "tags": {
              "Location": "Osaka",
              "Name": "coreCube-sg01-servers",
              "Owner": "Mcguffinn",
              "Service": "application1"
            },
            "tags_all": {
              "Location": "Osaka",
              "Name": "coreCube-sg01-servers",
              "Owner": "Mcguffinn",
              "Service": "application1"
            },
            "timeouts": null,
            "vpc_id": "vpc-0be8640f806fbe6fb"
          },
          "sensitive_attributes": [],
          "private": "eyJlMmJmYjczMC1lY2FhLTExZTYtOGY4OC0zNDM2M2JjN2M0YzAiOnsiY3JlYXRlIjo2MDAwMDAwMDAwMDAsImRlbGV0ZSI6OTAwMDAwMDAwMDAwfSwic2NoZW1hX3ZlcnNpb24iOiIxIn0=",
          "dependencies": [
            "aws_vpc.coreCube"
          ],
          "create_before_destroy": true
        }
      ]
    },
    {
      "mode": "managed",
      "type": "aws_security_group",
      "name": "coreCube-sg02-LB01",
      "provider": "provider[\"registry.terraform.io/hashicorp/aws\"]",
      "instances": [
        {
          "schema_version": 1,
          "attributes": {
            "arn": "arn:aws:ec2:ap-northeast-3:814535836463:security-group/sg-00d54a5eb1e31cb5e",
            "description": "coreCube-sg02-LB01",
            "egress": [
              {
                "cidr_blocks": [
                  "0.0.0.0/0"
                ],
                "description": "",
                "from_port": 0,
                "ipv6_cidr_blocks": [],
                "prefix_list_ids": [],
                "protocol": "-1",
                "security_groups": [],
                "self": false,
                "to_port": 0
              }
            ],
            "id": "sg-00d54a5eb1e31cb5e",
            "ingress": [
              {
                "cidr_blocks": [
                  "0.0.0.0/0"
                ],
                "description": "MyHomePage",
                "from_port": 80,
                "ipv6_cidr_blocks": [],
                "prefix_list_ids": [],
                "protocol": "tcp",
                "security_groups": [],
                "self": false,
                "to_port": 80
              }
            ],
            "name": "coreCube-sg02-LB01",
            "name_prefix": "",
            "owner_id": "814535836463",
            "revoke_rules_on_delete": false,
            "tags": {
              "Location": "Osaka",
              "Name": "coreCube-sg02-LB01",
              "Owner": "Mcguffinn",
              "Service": "application1"
            },
            "tags_all": {
              "Location": "Osaka",
              "Name": "coreCube-sg02-LB01",
              "Owner": "Mcguffinn",
              "Service": "application1"
            },
            "timeouts": null,
            "vpc_id": "vpc-0be8640f806fbe6fb"
          },
          "sensitive_attributes": [],
          "private": "eyJlMmJmYjczMC1lY2FhLTExZTYtOGY4OC0zNDM2M2JjN2M0YzAiOnsiY3JlYXRlIjo2MDAwMDAwMDAwMDAsImRlbGV0ZSI6OTAwMDAwMDAwMDAwfSwic2NoZW1hX3ZlcnNpb24iOiIxIn0=",
          "dependencies": [
            "aws_vpc.coreCube"
          ]
        }
      ]
    },
    {
      "mode": "managed",
      "type": "aws_subnet",
      "name": "private-ap-northeast-3a",
      "provider": "provider[\"registry.terraform.io/hashicorp/aws\"]",
      "instances": [
        {
          "schema_version": 1,
          "attributes": {
            "arn": "arn:aws:ec2:ap-northeast-3:814535836463:subnet/subnet-049e518425f8e39e4",
            "assign_ipv6_address_on_creation": false,
            "availability_zone": "ap-northeast-3a",
            "availability_zone_id": "apne3-az3",
            "cidr_block": "10.32.11.0/24",
            "customer_owned_ipv4_pool": "",
            "enable_dns64": false,
            "enable_resource_name_dns_a_record_on_launch": false,
            "enable_resource_name_dns_aaaa_record_on_launch": false,
            "id": "subnet-049e518425f8e39e4",
            "ipv6_cidr_block": "",
            "ipv6_cidr_block_association_id": "",
            "ipv6_native": false,
            "map_customer_owned_ip_on_launch": false,
            "map_public_ip_on_launch": false,
            "outpost_arn": "",
            "owner_id": "814535836463",
            "private_dns_hostname_type_on_launch": "ip-name",
            "tags": {
              "Location": "Osaka",
              "Name": "private-ap-northeast-3a",
              "Owner": "Mcguffinn",
              "Service": "application1"
            },
            "tags_all": {
              "Location": "Osaka",
              "Name": "private-ap-northeast-3a",
              "Owner": "Mcguffinn",
              "Service": "application1"
            },
            "timeouts": null,
            "vpc_id": "vpc-0be8640f806fbe6fb"
          },
          "sensitive_attributes": [],
          "private": "eyJlMmJmYjczMC1lY2FhLTExZTYtOGY4OC0zNDM2M2JjN2M0YzAiOnsiY3JlYXRlIjo2MDAwMDAwMDAwMDAsImRlbGV0ZSI6MTIwMDAwMDAwMDAwMH0sInNjaGVtYV92ZXJzaW9uIjoiMSJ9",
          "dependencies": [
            "aws_vpc.coreCube"
          ]
        }
      ]
    },
    {
      "mode": "managed",
      "type": "aws_subnet",
      "name": "private-ap-northeast-3b",
      "provider": "provider[\"registry.terraform.io/hashicorp/aws\"]",
      "instances": [
        {
          "schema_version": 1,
          "attributes": {
            "arn": "arn:aws:ec2:ap-northeast-3:814535836463:subnet/subnet-089b371f38ccbd1c3",
            "assign_ipv6_address_on_creation": false,
            "availability_zone": "ap-northeast-3b",
            "availability_zone_id": "apne3-az1",
            "cidr_block": "10.32.12.0/24",
            "customer_owned_ipv4_pool": "",
            "enable_dns64": false,
            "enable_resource_name_dns_a_record_on_launch": false,
            "enable_resource_name_dns_aaaa_record_on_launch": false,
            "id": "subnet-089b371f38ccbd1c3",
            "ipv6_cidr_block": "",
            "ipv6_cidr_block_association_id": "",
            "ipv6_native": false,
            "map_customer_owned_ip_on_launch": false,
            "map_public_ip_on_launch": false,
            "outpost_arn": "",
            "owner_id": "814535836463",
            "private_dns_hostname_type_on_launch": "ip-name",
            "tags": {
              "Location": "Osaka",
              "Name": "private-ap-northeast-3b",
              "Owner": "Mcguffinn",
              "Service": "application1"
            },
            "tags_all": {
              "Location": "Osaka",
              "Name": "private-ap-northeast-3b",
              "Owner": "Mcguffinn",
              "Service": "application1"
            },
            "timeouts": null,
            "vpc_id": "vpc-0be8640f806fbe6fb"
          },
          "sensitive_attributes": [],
          "private": "eyJlMmJmYjczMC1lY2FhLTExZTYtOGY4OC0zNDM2M2JjN2M0YzAiOnsiY3JlYXRlIjo2MDAwMDAwMDAwMDAsImRlbGV0ZSI6MTIwMDAwMDAwMDAwMH0sInNjaGVtYV92ZXJzaW9uIjoiMSJ9",
          "dependencies": [
            "aws_vpc.coreCube"
          ]
        }
      ]
    },
    {
      "mode": "managed",
      "type": "aws_subnet",
      "name": "private-ap-northeast-3c",
      "provider": "provider[\"registry.terraform.io/hashicorp/aws\"]",
      "instances": [
        {
          "schema_version": 1,
          "attributes": {
            "arn": "arn:aws:ec2:ap-northeast-3:814535836463:subnet/subnet-069dea34d5350d521",
            "assign_ipv6_address_on_creation": false,
            "availability_zone": "ap-northeast-3c",
            "availability_zone_id": "apne3-az2",
            "cidr_block": "10.32.13.0/24",
            "customer_owned_ipv4_pool": "",
            "enable_dns64": false,
            "enable_resource_name_dns_a_record_on_launch": false,
            "enable_resource_name_dns_aaaa_record_on_launch": false,
            "id": "subnet-069dea34d5350d521",
            "ipv6_cidr_block": "",
            "ipv6_cidr_block_association_id": "",
            "ipv6_native": false,
            "map_customer_owned_ip_on_launch": false,
            "map_public_ip_on_launch": false,
            "outpost_arn": "",
            "owner_id": "814535836463",
            "private_dns_hostname_type_on_launch": "ip-name",
            "tags": {
              "Location": "Osaka",
              "Name": "private-ap-northeast-3c",
              "Owner": "Mcguffinn",
              "Service": "application1"
            },
            "tags_all": {
              "Location": "Osaka",
              "Name": "private-ap-northeast-3c",
              "Owner": "Mcguffinn",
              "Service": "application1"
            },
            "timeouts": null,
            "vpc_id": "vpc-0be8640f806fbe6fb"
          },
          "sensitive_attributes": [],
          "private": "eyJlMmJmYjczMC1lY2FhLTExZTYtOGY4OC0zNDM2M2JjN2M0YzAiOnsiY3JlYXRlIjo2MDAwMDAwMDAwMDAsImRlbGV0ZSI6MTIwMDAwMDAwMDAwMH0sInNjaGVtYV92ZXJzaW9uIjoiMSJ9",
          "dependencies": [
            "aws_vpc.coreCube"
          ]
        }
      ]
    },
    {
      "mode": "managed",
      "type": "aws_subnet",
      "name": "public-ap-northeast-3a",
      "provider": "provider[\"registry.terraform.io/hashicorp/aws\"]",
      "instances": [
        {
          "schema_version": 1,
          "attributes": {
            "arn": "arn:aws:ec2:ap-northeast-3:814535836463:subnet/subnet-038b07b3b6cad1c45",
            "assign_ipv6_address_on_creation": false,
            "availability_zone": "ap-northeast-3a",
            "availability_zone_id": "apne3-az3",
            "cidr_block": "10.32.1.0/24",
            "customer_owned_ipv4_pool": "",
            "enable_dns64": false,
            "enable_resource_name_dns_a_record_on_launch": false,
            "enable_resource_name_dns_aaaa_record_on_launch": false,
            "id": "subnet-038b07b3b6cad1c45",
            "ipv6_cidr_block": "",
            "ipv6_cidr_block_association_id": "",
            "ipv6_native": false,
            "map_customer_owned_ip_on_launch": false,
            "map_public_ip_on_launch": true,
            "outpost_arn": "",
            "owner_id": "814535836463",
            "private_dns_hostname_type_on_launch": "ip-name",
            "tags": {
              "Location": "Osaka",
              "Name": "public-ap-northeast-3a",
              "Owner": "Mcguffinn",
              "Service": "application1"
            },
            "tags_all": {
              "Location": "Osaka",
              "Name": "public-ap-northeast-3a",
              "Owner": "Mcguffinn",
              "Service": "application1"
            },
            "timeouts": null,
            "vpc_id": "vpc-0be8640f806fbe6fb"
          },
          "sensitive_attributes": [],
          "private": "eyJlMmJmYjczMC1lY2FhLTExZTYtOGY4OC0zNDM2M2JjN2M0YzAiOnsiY3JlYXRlIjo2MDAwMDAwMDAwMDAsImRlbGV0ZSI6MTIwMDAwMDAwMDAwMH0sInNjaGVtYV92ZXJzaW9uIjoiMSJ9",
          "dependencies": [
            "aws_vpc.coreCube"
          ]
        }
      ]
    },
    {
      "mode": "managed",
      "type": "aws_subnet",
      "name": "public-ap-northeast-3b",
      "provider": "provider[\"registry.terraform.io/hashicorp/aws\"]",
      "instances": [
        {
          "schema_version": 1,
          "attributes": {
            "arn": "arn:aws:ec2:ap-northeast-3:814535836463:subnet/subnet-0bcdf83aa42ea78b8",
            "assign_ipv6_address_on_creation": false,
            "availability_zone": "ap-northeast-3b",
            "availability_zone_id": "apne3-az1",
            "cidr_block": "10.32.2.0/24",
            "customer_owned_ipv4_pool": "",
            "enable_dns64": false,
            "enable_resource_name_dns_a_record_on_launch": false,
            "enable_resource_name_dns_aaaa_record_on_launch": false,
            "id": "subnet-0bcdf83aa42ea78b8",
            "ipv6_cidr_block": "",
            "ipv6_cidr_block_association_id": "",
            "ipv6_native": false,
            "map_customer_owned_ip_on_launch": false,
            "map_public_ip_on_launch": true,
            "outpost_arn": "",
            "owner_id": "814535836463",
            "private_dns_hostname_type_on_launch": "ip-name",
            "tags": {
              "Location": "Osaka",
              "Name": "public-ap-northeast-3b",
              "Owner": "Mcguffinn",
              "Service": "application1"
            },
            "tags_all": {
              "Location": "Osaka",
              "Name": "public-ap-northeast-3b",
              "Owner": "Mcguffinn",
              "Service": "application1"
            },
            "timeouts": null,
            "vpc_id": "vpc-0be8640f806fbe6fb"
          },
          "sensitive_attributes": [],
          "private": "eyJlMmJmYjczMC1lY2FhLTExZTYtOGY4OC0zNDM2M2JjN2M0YzAiOnsiY3JlYXRlIjo2MDAwMDAwMDAwMDAsImRlbGV0ZSI6MTIwMDAwMDAwMDAwMH0sInNjaGVtYV92ZXJzaW9uIjoiMSJ9",
          "dependencies": [
            "aws_vpc.coreCube"
          ]
        }
      ]
    },
    {
      "mode": "managed",
      "type": "aws_subnet",
      "name": "public-ap-northeast-3c",
      "provider": "provider[\"registry.terraform.io/hashicorp/aws\"]",
      "instances": [
        {
          "schema_version": 1,
          "attributes": {
            "arn": "arn:aws:ec2:ap-northeast-3:814535836463:subnet/subnet-0bc5647ac9ad47869",
            "assign_ipv6_address_on_creation": false,
            "availability_zone": "ap-northeast-3c",
            "availability_zone_id": "apne3-az2",
            "cidr_block": "10.32.3.0/24",
            "customer_owned_ipv4_pool": "",
            "enable_dns64": false,
            "enable_resource_name_dns_a_record_on_launch": false,
            "enable_resource_name_dns_aaaa_record_on_launch": false,
            "id": "subnet-0bc5647ac9ad47869",
            "ipv6_cidr_block": "",
            "ipv6_cidr_block_association_id": "",
            "ipv6_native": false,
            "map_customer_owned_ip_on_launch": false,
            "map_public_ip_on_launch": true,
            "outpost_arn": "",
            "owner_id": "814535836463",
            "private_dns_hostname_type_on_launch": "ip-name",
            "tags": {
              "Location": "Osaka",
              "Name": "public-ap-northeast-3c",
              "Owner": "Mcguffinn",
              "Service": "application1"
            },
            "tags_all": {
              "Location": "Osaka",
              "Name": "public-ap-northeast-3c",
              "Owner": "Mcguffinn",
              "Service": "application1"
            },
            "timeouts": null,
            "vpc_id": "vpc-0be8640f806fbe6fb"
          },
          "sensitive_attributes": [],
          "private": "eyJlMmJmYjczMC1lY2FhLTExZTYtOGY4OC0zNDM2M2JjN2M0YzAiOnsiY3JlYXRlIjo2MDAwMDAwMDAwMDAsImRlbGV0ZSI6MTIwMDAwMDAwMDAwMH0sInNjaGVtYV92ZXJzaW9uIjoiMSJ9",
          "dependencies": [
            "aws_vpc.coreCube"
          ]
        }
      ]
    },
    {
      "mode": "managed",
      "type": "aws_vpc",
      "name": "coreCube",
      "provider": "provider[\"registry.terraform.io/hashicorp/aws\"]",
      "instances": [
        {
          "schema_version": 1,
          "attributes": {
            "arn": "arn:aws:ec2:ap-northeast-3:814535836463:vpc/vpc-0be8640f806fbe6fb",
            "assign_generated_ipv6_cidr_block": false,
            "cidr_block": "10.32.0.0/16",
            "default_network_acl_id": "acl-0be1b15aa7705cc11",
            "default_route_table_id": "rtb-0c0e96561447c32e3",
            "default_security_group_id": "sg-04442e580b95365da",
            "dhcp_options_id": "dopt-0def565ce958e7df5",
            "enable_classiclink": false,
            "enable_classiclink_dns_support": false,
            "enable_dns_hostnames": false,
            "enable_dns_support": true,
            "id": "vpc-0be8640f806fbe6fb",
            "instance_tenancy": "default",
            "ipv4_ipam_pool_id": null,
            "ipv4_netmask_length": null,
            "ipv6_association_id": "",
            "ipv6_cidr_block": "",
            "ipv6_cidr_block_network_border_group": "",
            "ipv6_ipam_pool_id": "",
            "ipv6_netmask_length": 0,
            "main_route_table_id": "rtb-0c0e96561447c32e3",
            "owner_id": "814535836463",
            "tags": {
              "Location": "Osaka",
              "Name": "coreCube",
              "Owner": "Mcguffinn",
              "Service": "application1"
            },
            "tags_all": {
              "Location": "Osaka",
              "Name": "coreCube",
              "Owner": "Mcguffinn",
              "Service": "application1"
            }
          },
          "sensitive_attributes": [],
          "private": "eyJzY2hlbWFfdmVyc2lvbiI6IjEifQ==",
          "create_before_destroy": true
        }
      ]
    },
    {
      "mode": "managed",
      "type": "tls_private_key",
      "name": "MyLinuxBox",
      "provider": "provider[\"registry.terraform.io/hashicorp/tls\"]",
      "instances": [
        {
          "schema_version": 1,
          "attributes": {
            "algorithm": "RSA",
            "ecdsa_curve": "P224",
            "id": "7d15406700779ea33f6d4cad518117b9e65537a5",
            "private_key_openssh": "-----BEGIN OPENSSH PRIVATE KEY-----\nb3BlbnNzaC1rZXktdjEAAAAABG5vbmUAAAAEbm9uZQAAAAAAAAABAAABFwAAAAdz\nc2gtcnNhAAAAAwEAAQAAAQEA2XnaHy3kHNLj0a789trBxMreATnwqJZaEaBPtMzr\nZBeQiaC4QPph+TycuT0G8HkJ1iT0SMuQVFMGEv1oOnDN3gk/oEOhCkjQXV7Jt0w9\nGCoApg2S8xS1JDudVDMqG5cutCgxdhvJdJWWMGJ9yw2sSmKA0GUjXMk6eJavpAA4\nh/4Y/IO44IUziTokI0Xs4prnzCfFKhyJ/UFC8Or3ANCQR8zS8I/jk6fu5YgAa48G\nrLKJatRIYNRmeAZuSlYhGONbUxgjgT6V4hZX5AWaNoa1IDN3u+bCZ7YyRLp2fJjo\nQMdVsIMWsD1sZWhEszT2iTe4g7TkIEP8cjkzucyOQx4pIwAAA7iMGG2djBhtnQAA\nAAdzc2gtcnNhAAABAQDZedofLeQc0uPRrvz22sHEyt4BOfColloRoE+0zOtkF5CJ\noLhA+mH5PJy5PQbweQnWJPRIy5BUUwYS/Wg6cM3eCT+gQ6EKSNBdXsm3TD0YKgCm\nDZLzFLUkO51UMyobly60KDF2G8l0lZYwYn3LDaxKYoDQZSNcyTp4lq+kADiH/hj8\ng7jghTOJOiQjRezimufMJ8UqHIn9QULw6vcA0JBHzNLwj+OTp+7liABrjwassolq\n1Ehg1GZ4Bm5KViEY41tTGCOBPpXiFlfkBZo2hrUgM3e75sJntjJEunZ8mOhAx1Ww\ngxawPWxlaESzNPaJN7iDtOQgQ/xyOTO5zI5DHikjAAAAAwEAAQAAAQEApWkn/WUT\nRtUkkJzvLPcQQJUorHgcUq4hDZ0IYvUl6Ph/aB7FZi7LDB4M+luvhoIZeDadUyz5\ntxl62kDB4QlhnAseyNAHkeH2Eb6B4JftNA7mdWaHqbnLWSa6sItF8LxZuo+Dp1jV\nLoaEOIMBOMtKiz1GyrrSXcV0YroCF9RPKycysy7MUuhsOldCyeRyoCdC2USd2hJF\nrLTkRg1ruKHvIDXpaIW1R/IuEhJ4/XJIAu9aHCFBIqXc1TbApPPcKrDOw9L7/cp+\n9iZArcejC0Nnitb+/BnpQGapL2eV2z93JUmA6gFjvFzsji/oGJcbrl1TYqBpwKTP\nHlvzVFBbepySEQAAAIAz3In+fOGyk0h3xafcNGeM15yBlIKhbZPCFU/GodCuVS5w\nnVIGCtEJMKGbFmu1/SUxZ9z9oAijiExA7Y0Evp9LvTRBZL9URnyc/ZxO8Wv3tCre\n8zKlL/5GOnm8dniXWxixw/hE54c3wX0k/0hekE7pkgHoz7db5vRSKcm9luGCEQAA\nAIEA/B0hFwVX6CeulHBsL7A4sCXz8u/9y6DKhRwGZfka5iTBod8V7SXe2RFltltA\ncCCh1WrglEMwT6eESKaqfEHeDK+vaKNkkW9X0vduME9eBTRvzeYxa77lxz6ZMOja\nKsxpqlZKsrXlf8he2pTRy8FkYHy8SvxwYgYP6X2Byf+84psAAACBANzUCbW6TfT3\n/QDjllckVTqpQsvcP7S3Z3fPwjmj+H3kV3GPcyS1Y/FBhEno+J0lOc8lDO3JBRHK\nlssX0oaaZ22FcYiULrOSosraF0s89YLC6CyS/vZaV0ImAN6FA6I3SzSWHdcYorn0\nQ7gGYxqlmJJvm3CEIj4U2+GFpaeLYJgZAAAAAAEC\n-----END OPENSSH PRIVATE KEY-----\n",
            "private_key_pem": "-----BEGIN RSA PRIVATE KEY-----\nMIIEowIBAAKCAQEA2XnaHy3kHNLj0a789trBxMreATnwqJZaEaBPtMzrZBeQiaC4\nQPph+TycuT0G8HkJ1iT0SMuQVFMGEv1oOnDN3gk/oEOhCkjQXV7Jt0w9GCoApg2S\n8xS1JDudVDMqG5cutCgxdhvJdJWWMGJ9yw2sSmKA0GUjXMk6eJavpAA4h/4Y/IO4\n4IUziTokI0Xs4prnzCfFKhyJ/UFC8Or3ANCQR8zS8I/jk6fu5YgAa48GrLKJatRI\nYNRmeAZuSlYhGONbUxgjgT6V4hZX5AWaNoa1IDN3u+bCZ7YyRLp2fJjoQMdVsIMW\nsD1sZWhEszT2iTe4g7TkIEP8cjkzucyOQx4pIwIDAQABAoIBAQClaSf9ZRNG1SSQ\nnO8s9xBAlSiseBxSriENnQhi9SXo+H9oHsVmLssMHgz6W6+Gghl4Np1TLPm3GXra\nQMHhCWGcCx7I0AeR4fYRvoHgl+00DuZ1ZoepuctZJrqwi0XwvFm6j4OnWNUuhoQ4\ngwE4y0qLPUbKutJdxXRiugIX1E8rJzKzLsxS6Gw6V0LJ5HKgJ0LZRJ3aEkWstORG\nDWu4oe8gNelohbVH8i4SEnj9ckgC71ocIUEipdzVNsCk89wqsM7D0vv9yn72JkCt\nx6MLQ2eK1v78GelAZqkvZ5XbP3clSYDqAWO8XOyOL+gYlxuuXVNioGnApM8eW/NU\nUFt6nJIRAoGBAPwdIRcFV+gnrpRwbC+wOLAl8/Lv/cugyoUcBmX5GuYkwaHfFe0l\n3tkRZbZbQHAgodVq4JRDME+nhEimqnxB3gyvr2ijZJFvV9L3bjBPXgU0b83mMWu+\n5cc+mTDo2irMaapWSrK15X/IXtqU0cvBZGB8vEr8cGIGD+l9gcn/vOKbAoGBANzU\nCbW6TfT3/QDjllckVTqpQsvcP7S3Z3fPwjmj+H3kV3GPcyS1Y/FBhEno+J0lOc8l\nDO3JBRHKlssX0oaaZ22FcYiULrOSosraF0s89YLC6CyS/vZaV0ImAN6FA6I3SzSW\nHdcYorn0Q7gGYxqlmJJvm3CEIj4U2+GFpaeLYJgZAoGAfh/MeAnSSm/fpJ8BYHIW\nSfkSq4xoOUB9UE4O3WDblhr5S5OhEnyJmapcafgIqo+Ipo3LQCDEwHSbdwT58SO6\nhDo31G85VpCPLRlfZIewD4aGEEmCm9ZqeVzVomQ7EIImsnJs+C6LW3vQCCW/NuHO\n534/bHwRdNh3iWWiUn2/7tUCgYAikWKvuulHJqbJQ9cd7wcUdriJFwI19NvSiog5\n46wbcOorUaxRm794XawqsbhxSQmCnqcmdehAP7lZM3J2NadpIpGCMsgYviSToo4w\n7er0vDQB/kTBJaUxKqfKLYJDG2q/YZxsNmQKvez32rAa1L9MdQIdG+IMW9GLvRMQ\nZiYJyQKBgDPcif584bKTSHfFp9w0Z4zXnIGUgqFtk8IVT8ah0K5VLnCdUgYK0Qkw\noZsWa7X9JTFn3P2gCKOITEDtjQS+n0u9NEFkv1RGfJz9nE7xa/e0Kt7zMqUv/kY6\nebx2eJdbGLHD+ETnhzfBfST/SF6QTumSAejPt1vm9FIpyb2W4YIR\n-----END RSA PRIVATE KEY-----\n",
            "private_key_pem_pkcs8": "-----BEGIN PRIVATE KEY-----\nMIIEvQIBADANBgkqhkiG9w0BAQEFAASCBKcwggSjAgEAAoIBAQDZedofLeQc0uPR\nrvz22sHEyt4BOfColloRoE+0zOtkF5CJoLhA+mH5PJy5PQbweQnWJPRIy5BUUwYS\n/Wg6cM3eCT+gQ6EKSNBdXsm3TD0YKgCmDZLzFLUkO51UMyobly60KDF2G8l0lZYw\nYn3LDaxKYoDQZSNcyTp4lq+kADiH/hj8g7jghTOJOiQjRezimufMJ8UqHIn9QULw\n6vcA0JBHzNLwj+OTp+7liABrjwassolq1Ehg1GZ4Bm5KViEY41tTGCOBPpXiFlfk\nBZo2hrUgM3e75sJntjJEunZ8mOhAx1WwgxawPWxlaESzNPaJN7iDtOQgQ/xyOTO5\nzI5DHikjAgMBAAECggEBAKVpJ/1lE0bVJJCc7yz3EECVKKx4HFKuIQ2dCGL1Jej4\nf2gexWYuywweDPpbr4aCGXg2nVMs+bcZetpAweEJYZwLHsjQB5Hh9hG+geCX7TQO\n5nVmh6m5y1kmurCLRfC8WbqPg6dY1S6GhDiDATjLSos9Rsq60l3FdGK6AhfUTysn\nMrMuzFLobDpXQsnkcqAnQtlEndoSRay05EYNa7ih7yA16WiFtUfyLhISeP1ySALv\nWhwhQSKl3NU2wKTz3CqwzsPS+/3KfvYmQK3HowtDZ4rW/vwZ6UBmqS9nlds/dyVJ\ngOoBY7xc7I4v6BiXG65dU2KgacCkzx5b81RQW3qckhECgYEA/B0hFwVX6CeulHBs\nL7A4sCXz8u/9y6DKhRwGZfka5iTBod8V7SXe2RFltltAcCCh1WrglEMwT6eESKaq\nfEHeDK+vaKNkkW9X0vduME9eBTRvzeYxa77lxz6ZMOjaKsxpqlZKsrXlf8he2pTR\ny8FkYHy8SvxwYgYP6X2Byf+84psCgYEA3NQJtbpN9Pf9AOOWVyRVOqlCy9w/tLdn\nd8/COaP4feRXcY9zJLVj8UGESej4nSU5zyUM7ckFEcqWyxfShppnbYVxiJQus5Ki\nytoXSzz1gsLoLJL+9lpXQiYA3oUDojdLNJYd1xiiufRDuAZjGqWYkm+bcIQiPhTb\n4YWlp4tgmBkCgYB+H8x4CdJKb9+knwFgchZJ+RKrjGg5QH1QTg7dYNuWGvlLk6ES\nfImZqlxp+Aiqj4imjctAIMTAdJt3BPnxI7qEOjfUbzlWkI8tGV9kh7APhoYQSYKb\n1mp5XNWiZDsQgiaycmz4Lotbe9AIJb824c7nfj9sfBF02HeJZaJSfb/u1QKBgCKR\nYq+66UcmpslD1x3vBxR2uIkXAjX029KKiDnjrBtw6itRrFGbv3hdrCqxuHFJCYKe\npyZ16EA/uVkzcnY1p2kikYIyyBi+JJOijjDt6vS8NAH+RMElpTEqp8otgkMbar9h\nnGw2ZAq97PfasBrUv0x1Ah0b4gxb0Yu9ExBmJgnJAoGAM9yJ/nzhspNId8Wn3DRn\njNecgZSCoW2TwhVPxqHQrlUucJ1SBgrRCTChmxZrtf0lMWfc/aAIo4hMQO2NBL6f\nS700QWS/VEZ8nP2cTvFr97Qq3vMypS/+Rjp5vHZ4l1sYscP4ROeHN8F9JP9IXpBO\n6ZIB6M+3W+b0UinJvZbhghE=\n-----END PRIVATE KEY-----\n",
            "public_key_fingerprint_md5": "74:6d:3c:cd:81:2c:7b:42:05:f3:87:46:d3:c5:f8:26",
            "public_key_fingerprint_sha256": "SHA256:x+SHdvDw8Sgc3u/TKPWvfssIt2x47RgoGCl8JMTc59g",
            "public_key_openssh": "ssh-rsa AAAAB3NzaC1yc2EAAAADAQABAAABAQDZedofLeQc0uPRrvz22sHEyt4BOfColloRoE+0zOtkF5CJoLhA+mH5PJy5PQbweQnWJPRIy5BUUwYS/Wg6cM3eCT+gQ6EKSNBdXsm3TD0YKgCmDZLzFLUkO51UMyobly60KDF2G8l0lZYwYn3LDaxKYoDQZSNcyTp4lq+kADiH/hj8g7jghTOJOiQjRezimufMJ8UqHIn9QULw6vcA0JBHzNLwj+OTp+7liABrjwassolq1Ehg1GZ4Bm5KViEY41tTGCOBPpXiFlfkBZo2hrUgM3e75sJntjJEunZ8mOhAx1WwgxawPWxlaESzNPaJN7iDtOQgQ/xyOTO5zI5DHikj\n",
            "public_key_pem": "-----BEGIN PUBLIC KEY-----\nMIIBIjANBgkqhkiG9w0BAQEFAAOCAQ8AMIIBCgKCAQEA2XnaHy3kHNLj0a789trB\nxMreATnwqJZaEaBPtMzrZBeQiaC4QPph+TycuT0G8HkJ1iT0SMuQVFMGEv1oOnDN\n3gk/oEOhCkjQXV7Jt0w9GCoApg2S8xS1JDudVDMqG5cutCgxdhvJdJWWMGJ9yw2s\nSmKA0GUjXMk6eJavpAA4h/4Y/IO44IUziTokI0Xs4prnzCfFKhyJ/UFC8Or3ANCQ\nR8zS8I/jk6fu5YgAa48GrLKJatRIYNRmeAZuSlYhGONbUxgjgT6V4hZX5AWaNoa1\nIDN3u+bCZ7YyRLp2fJjoQMdVsIMWsD1sZWhEszT2iTe4g7TkIEP8cjkzucyOQx4p\nIwIDAQAB\n-----END PUBLIC KEY-----\n",
            "rsa_bits": 2048
          },
          "sensitive_attributes": [
            [
              {
                "type": "get_attr",
                "value": "private_key_pem_pkcs8"
              }
            ],
            [
              {
                "type": "get_attr",
                "value": "private_key_openssh"
              }
            ],
            [
              {
                "type": "get_attr",
                "value": "private_key_pem"
              }
            ]
          ]
        }
      ]
    }
  ],
  "check_results": null
}
